
Microsoft Visual Studio Solution File, Format Version 12.00
# Visual Studio Version 16
VisualStudioVersion = 16.0.30002.166
MinimumVisualStudioVersion = 10.0.40219.1
Project("{9A19103F-16F7-4668-BE54-9A1E7A4F7556}") = "Idp", "Idp.csproj", "{90AB9255-5AF5-4D66-9DC2-A8231C95B53A}"
EndProject
Global
	GlobalSection(SolutionConfigurationPlatforms) = preSolution
		Debug|Any CPU = Debug|Any CPU
		Release|Any CPU = Release|Any CPU
	EndGlobalSection
	GlobalSection(ProjectConfigurationPlatforms) = postSolution
		{90AB9255-5AF5-4D66-9DC2-A8231C95B53A}.Debug|Any CPU.ActiveCfg = Debug|Any CPU
		{90AB9255-5AF5-4D66-9DC2-A8231C95B53A}.Debug|Any CPU.Build.0 = Debug|Any CPU
		{90AB9255-5AF5-4D66-9DC2-A8231C95B53A}.Release|Any CPU.ActiveCfg = Release|Any CPU
		{90AB9255-5AF5-4D66-9DC2-A8231C95B53A}.Release|Any CPU.Build.0 = Release|Any CPU
	EndGlobalSection
	GlobalSection(SolutionProperties) = preSolution
		HideSolutionNode = FALSE
	EndGlobalSection
	GlobalSection(ExtensibilityGlobals) = postSolution
		SolutionGuid = {ECE9AEC2-DDD4-45A0-BDD7-D1974213414C}
	EndGlobalSection
EndGlobal
